
Microsoft Visual Studio Solution File, Format Version 12.00
# Visual Studio 2013
VisualStudioVersion = 12.0.21005.1
MinimumVisualStudioVersion = 10.0.40219.1
Project("{FAE04EC0-301F-11D3-BF4B-00C04F79EFBC}") = "DemoCalculator", "DemoCalculator\DemoCalculator.csproj", "{69A1EA32-5C30-4295-93F3-52BD4175A733}"
EndProject
Project("{FAE04EC0-301F-11D3-BF4B-00C04F79EFBC}") = "Seachem", "Seachem\Seachem.csproj", "{C871B1AC-4E22-4EF1-8F20-2C157C770D2A}"
EndProject
Global
	GlobalSection(SolutionConfigurationPlatforms) = preSolution
		Debug|Any CPU = Debug|Any CPU
		Release|Any CPU = Release|Any CPU
	EndGlobalSection
	GlobalSection(ProjectConfigurationPlatforms) = postSolution
		{69A1EA32-5C30-4295-93F3-52BD4175A733}.Debug|Any CPU.ActiveCfg = Debug|Any CPU
		{69A1EA32-5C30-4295-93F3-52BD4175A733}.Debug|Any CPU.Build.0 = Debug|Any CPU
		{69A1EA32-5C30-4295-93F3-52BD4175A733}.Release|Any CPU.ActiveCfg = Release|Any CPU
		{69A1EA32-5C30-4295-93F3-52BD4175A733}.Release|Any CPU.Build.0 = Release|Any CPU
		{C871B1AC-4E22-4EF1-8F20-2C157C770D2A}.Debug|Any CPU.ActiveCfg = Debug|Any CPU
		{C871B1AC-4E22-4EF1-8F20-2C157C770D2A}.Debug|Any CPU.Build.0 = Debug|Any CPU
		{C871B1AC-4E22-4EF1-8F20-2C157C770D2A}.Release|Any CPU.ActiveCfg = Release|Any CPU
		{C871B1AC-4E22-4EF1-8F20-2C157C770D2A}.Release|Any CPU.Build.0 = Release|Any CPU
	EndGlobalSection
	GlobalSection(SolutionProperties) = preSolution
		HideSolutionNode = FALSE
	EndGlobalSection
EndGlobal
